<?xml version="1.0" encoding="utf-8"?>
<Project ToolsVersion="4.0" xmlns="http://schemas.microsoft.com/developer/msbuild/2003">
  <ItemGroup>
    <Filter Include="소스 파일">
      <UniqueIdentifier>{4FC737F1-C7A5-4376-A066-2A32D752A2FF}</UniqueIdentifier>
      <Extensions>cpp;c;cc;cxx;def;odl;idl;hpj;bat;asm;asmx</Extensions>
    </Filter>
    <Filter Include="헤더 파일">
      <UniqueIdentifier>{93995380-89BD-4b04-88EB-625FBE52EBFB}</UniqueIdentifier>
      <Extensions>h;hh;hpp;hxx;hm;inl;inc;xsd</Extensions>
    </Filter>
    <Filter Include="리소스 파일">
      <UniqueIdentifier>{67DA6AB6-F800-4c08-8B7A-83BB121AAD01}</UniqueIdentifier>
      <Extensions>rc;ico;cur;bmp;dlg;rc2;rct;bin;rgs;gif;jpg;jpeg;jpe;resx;tiff;tif;png;wav;mfcribbon-ms</Extensions>
    </Filter>
    <Filter Include="소스 파일\00 Client">
      <UniqueIdentifier>{99807f77-fcd4-41fe-8a10-683e7ea1ef26}</UniqueIdentifier>
    </Filter>
    <Filter Include="소스 파일\00 Client\01 MainFrm">
      <UniqueIdentifier>{570feea4-a2f8-4410-90e6-b2643f08adfb}</UniqueIdentifier>
    </Filter>
    <Filter Include="소스 파일\01 System">
      <UniqueIdentifier>{46b6b6cd-b711-46b1-9251-ca978a0b67c8}</UniqueIdentifier>
    </Filter>
    <Filter Include="소스 파일\02 Utility">
      <UniqueIdentifier>{a6426bc8-8ffe-4634-92f3-e0218d0954ad}</UniqueIdentifier>
    </Filter>
    <Filter Include="소스 파일\03 Resources">
      <UniqueIdentifier>{6d20a47a-fec4-45ef-bbac-1ec09c06e987}</UniqueIdentifier>
    </Filter>
    <Filter Include="소스 파일\04 Headers">
      <UniqueIdentifier>{0ab3cbb7-6b73-4457-ac55-d63872b681ad}</UniqueIdentifier>
    </Filter>
    <Filter Include="소스 파일\01 System\00 Timer">
      <UniqueIdentifier>{adc23a4e-d602-499c-b51a-47b96bdc5eb6}</UniqueIdentifier>
    </Filter>
    <Filter Include="소스 파일\01 System\01 GraphicDev">
      <UniqueIdentifier>{c91f5cbb-361b-4673-86b2-2eec3bc02b3e}</UniqueIdentifier>
    </Filter>
    <Filter Include="소스 파일\00 Client\02 Scene">
      <UniqueIdentifier>{ad20cfe9-6e06-43cf-9c1e-1f094ebb60ff}</UniqueIdentifier>
    </Filter>
    <Filter Include="소스 파일\02 Utility\00 SuperClass">
      <UniqueIdentifier>{c4dfa56e-bd39-416a-aebc-ed4b81ca18b3}</UniqueIdentifier>
    </Filter>
    <Filter Include="소스 파일\02 Utility\01 Renderer">
      <UniqueIdentifier>{376b5d67-aad8-4326-8565-194fe51e5c77}</UniqueIdentifier>
    </Filter>
    <Filter Include="소스 파일\02 Utility\02 Light">
      <UniqueIdentifier>{378801a5-b2fc-44b0-be7c-3833aa3566d8}</UniqueIdentifier>
    </Filter>
    <Filter Include="소스 파일\01 System\02 Network">
      <UniqueIdentifier>{19cb78cd-f6f9-4241-9efe-05ef4b715adc}</UniqueIdentifier>
    </Filter>
    <Filter Include="소스 파일\01 System\03 SoundDev">
      <UniqueIdentifier>{5cf635b7-790d-4fd3-a3eb-96b8fbcdcd2a}</UniqueIdentifier>
    </Filter>
    <Filter Include="소스 파일\01 System\04 DInput">
      <UniqueIdentifier>{c26e84b9-1f70-48f6-9120-d79402ae2f6d}</UniqueIdentifier>
    </Filter>
    <Filter Include="소스 파일\03 Resources\00 Texture">
      <UniqueIdentifier>{e64dc1a7-38ad-42a2-ba59-b30a7f983849}</UniqueIdentifier>
    </Filter>
    <Filter Include="소스 파일\03 Resources\01 Mesh">
      <UniqueIdentifier>{d8a70dd5-e886-47b6-bc66-43d658c069de}</UniqueIdentifier>
    </Filter>
    <Filter Include="소스 파일\00 Client\03 Object">
      <UniqueIdentifier>{cec435fa-68a8-4284-bec2-7210363c47ba}</UniqueIdentifier>
    </Filter>
    <Filter Include="소스 파일\02 Utility\00 SuperClass\00 Base">
      <UniqueIdentifier>{ad3f2030-5df0-484d-8440-32377c4ecd08}</UniqueIdentifier>
    </Filter>
    <Filter Include="소스 파일\02 Utility\00 SuperClass\01 GameObject">
      <UniqueIdentifier>{bd72ee3f-64dc-4036-b402-e91d4bfe4875}</UniqueIdentifier>
    </Filter>
    <Filter Include="소스 파일\01 System\05 Physics">
      <UniqueIdentifier>{b17f3370-c737-4e2d-b513-6a7f2b871a57}</UniqueIdentifier>
    </Filter>
    <Filter Include="소스 파일\00 Client\02 Scene\00 Logo">
      <UniqueIdentifier>{08e86ef3-7954-4888-b1af-8f01f32b7c95}</UniqueIdentifier>
    </Filter>
    <Filter Include="소스 파일\00 Client\99 stdafx">
      <UniqueIdentifier>{132eba83-d196-4d77-9c4e-f2e114afd0e0}</UniqueIdentifier>
    </Filter>
    <Filter Include="소스 파일\00 Client\98 Default">
      <UniqueIdentifier>{dc9552e3-a59d-41d7-ade0-7c601d59a650}</UniqueIdentifier>
    </Filter>
    <Filter Include="소스 파일\03 Resources\03 Animation">
      <UniqueIdentifier>{ffe0c1ea-d0e8-41ad-9277-902bc01f9026}</UniqueIdentifier>
    </Filter>
    <Filter Include="소스 파일\03 Resources\00 Texture\00 SingleTexture">
      <UniqueIdentifier>{e6bd28a3-1933-4190-8c9a-ac60b45bcceb}</UniqueIdentifier>
    </Filter>
    <Filter Include="소스 파일\03 Resources\00 Texture\01 MultiTexture">
      <UniqueIdentifier>{20f38c1c-94b2-415c-a5b5-6f529d57a882}</UniqueIdentifier>
    </Filter>
    <Filter Include="소스 파일\03 Resources\00 Texture\99 Manager">
      <UniqueIdentifier>{2984d0ca-5d52-4809-a347-5fcc780226ae}</UniqueIdentifier>
    </Filter>
    <Filter Include="소스 파일\03 Resources\04 Shader">
      <UniqueIdentifier>{b49004fb-70bc-4ff8-8d37-5596547b0c08}</UniqueIdentifier>
    </Filter>
    <Filter Include="소스 파일\03 Resources\05 List">
      <UniqueIdentifier>{87fb9509-d772-4ac1-bd1f-c3717c9b438e}</UniqueIdentifier>
    </Filter>
    <Filter Include="소스 파일\03 Resources\04 Shader\00 Normal">
      <UniqueIdentifier>{18d2e799-b9d8-4dd6-a83a-dd928a6c39b8}</UniqueIdentifier>
    </Filter>
    <Filter Include="소스 파일\03 Resources\04 Shader\01 Instancing">
      <UniqueIdentifier>{c6549205-8677-48a1-9066-290acff32779}</UniqueIdentifier>
    </Filter>
    <Filter Include="소스 파일\03 Resources\04 Shader\98 Manager">
      <UniqueIdentifier>{297ad9ab-7b10-4e70-af18-796da6309360}</UniqueIdentifier>
    </Filter>
    <Filter Include="소스 파일\03 Resources\04 Shader\99 HLSL">
      <UniqueIdentifier>{b365fec8-99a2-473c-8f71-1ad1695fe09e}</UniqueIdentifier>
    </Filter>
    <Filter Include="소스 파일\03 Resources\01 Mesh\01 Animate">
      <UniqueIdentifier>{111468f5-d8ba-4130-95d2-57fca53999fd}</UniqueIdentifier>
    </Filter>
    <Filter Include="소스 파일\03 Resources\01 Mesh\01 Animate\99 Manager">
      <UniqueIdentifier>{ebfe8fb0-45fc-4620-bf2b-6ae38e51a323}</UniqueIdentifier>
    </Filter>
    <Filter Include="소스 파일\03 Resources\01 Mesh\00 Inanimate">
      <UniqueIdentifier>{58fe6111-c759-4d5d-9652-4987e6d6ec2b}</UniqueIdentifier>
    </Filter>
    <Filter Include="소스 파일\03 Resources\01 Mesh\00 Inanimate\01 Background">
      <UniqueIdentifier>{6f75bffa-8fdc-4b1f-931e-b076195732a6}</UniqueIdentifier>
    </Filter>
    <Filter Include="소스 파일\03 Resources\01 Mesh\00 Inanimate\00 Dot">
      <UniqueIdentifier>{a0e9d5bf-b932-4b92-88cd-d844b760f8b6}</UniqueIdentifier>
    </Filter>
    <Filter Include="소스 파일\03 Resources\01 Mesh\00 Inanimate\99 Manager">
      <UniqueIdentifier>{98be9e06-6c38-45c9-a531-a4456b1b24a7}</UniqueIdentifier>
    </Filter>
    <Filter Include="소스 파일\03 Resources\01 Mesh\00 Inanimate\98 StaticMesh">
      <UniqueIdentifier>{08dc57d9-6a8b-4868-87ac-5ae394b91a53}</UniqueIdentifier>
    </Filter>
    <Filter Include="소스 파일\00 Client\03 Object\00 Public">
      <UniqueIdentifier>{4ee307ab-6070-4b0d-a182-a4cab5ace6f9}</UniqueIdentifier>
    </Filter>
    <Filter Include="소스 파일\00 Client\03 Object\00 Public\00 Wallpaper">
      <UniqueIdentifier>{bf8c9c5e-4a26-4717-9c28-3ba70196e740}</UniqueIdentifier>
    </Filter>
    <Filter Include="소스 파일\00 Client\03 Object\00 Public\01 Camera">
      <UniqueIdentifier>{288811a8-d182-4bfa-9cd7-e43385ee73cd}</UniqueIdentifier>
    </Filter>
    <Filter Include="소스 파일\00 Client\03 Object\00 Public\01 Camera\00 Debug">
      <UniqueIdentifier>{67d6fd29-edbd-4060-b457-5968defb5160}</UniqueIdentifier>
    </Filter>
    <Filter Include="소스 파일\02 Utility\00 SuperClass\02 Camera">
      <UniqueIdentifier>{e6e1651b-332b-4b2e-9885-6b6543c631f2}</UniqueIdentifier>
    </Filter>
    <Filter Include="소스 파일\02 Utility\00 SuperClass\03 Singleton">
      <UniqueIdentifier>{0d6cb37a-f008-4433-971e-b778b2ac169a}</UniqueIdentifier>
    </Filter>
    <Filter Include="소스 파일\02 Utility\03 RenderTarget">
      <UniqueIdentifier>{7d36337f-604a-4c3d-bd33-e3089964897a}</UniqueIdentifier>
    </Filter>
    <Filter Include="소스 파일\02 Utility\03 RenderTarget\00 Manager">
      <UniqueIdentifier>{3e2e378b-6c2f-4b80-8528-57a66f0fd13f}</UniqueIdentifier>
    </Filter>
    <Filter Include="소스 파일\02 Utility\01 Renderer\00 RenderState">
      <UniqueIdentifier>{3c7ba6b7-8290-4fd3-baf7-d4a09b34c349}</UniqueIdentifier>
    </Filter>
    <Filter Include="소스 파일\05 Common">
      <UniqueIdentifier>{1646d861-2021-4c64-89ca-d365b79fc50e}</UniqueIdentifier>
    </Filter>
    <Filter Include="소스 파일\05 Common\00 Nxustream2">
      <UniqueIdentifier>{cc6ab454-c6ec-4bb1-801b-8b004ca71ddc}</UniqueIdentifier>
    </Filter>
    <Filter Include="소스 파일\05 Common\01 SampleCommonCode">
      <UniqueIdentifier>{b97ff6e1-f248-4b01-825e-e912e4e92285}</UniqueIdentifier>
    </Filter>
    <Filter Include="소스 파일\01 System\05 Physics\00 Collision Report">
      <UniqueIdentifier>{72d975d7-e91a-4faa-9e13-427f0f1430fb}</UniqueIdentifier>
    </Filter>
    <Filter Include="소스 파일\00 Client\03 Object\01 InGame">
      <UniqueIdentifier>{f3607678-5b68-41d4-8774-1a56fd3edc8d}</UniqueIdentifier>
    </Filter>
    <Filter Include="소스 파일\00 Client\03 Object\01 InGame\00 Player">
      <UniqueIdentifier>{f9ab59a7-9068-4f45-8c27-0d457db2b176}</UniqueIdentifier>
    </Filter>
    <Filter Include="소스 파일\00 Client\03 Object\01 InGame\00 Player\00 Chameleon">
      <UniqueIdentifier>{dc92aed4-3726-4b09-82d9-64159057ea4f}</UniqueIdentifier>
    </Filter>
    <Filter Include="소스 파일\00 Client\03 Object\01 InGame\01 Terrain">
      <UniqueIdentifier>{cb3a8d4c-5a93-4fb1-a34a-f50668fb72cb}</UniqueIdentifier>
    </Filter>
    <Filter Include="소스 파일\00 Client\03 Object\01 InGame\02 Environment">
      <UniqueIdentifier>{dda1b564-f6e8-41ec-a0c5-5e59d16596fb}</UniqueIdentifier>
    </Filter>
    <Filter Include="소스 파일\03 Resources\03 Animation\00 Animator">
      <UniqueIdentifier>{19aee632-c751-413e-9021-9f6ee7e8ba87}</UniqueIdentifier>
    </Filter>
    <Filter Include="소스 파일\03 Resources\03 Animation\01 Manager">
      <UniqueIdentifier>{366838a8-cb1a-46b5-93de-c27b8dd7e368}</UniqueIdentifier>
    </Filter>
    <Filter Include="소스 파일\00 Client\02 Scene\01 Lobby">
      <UniqueIdentifier>{689610ac-afc5-412d-abe4-395f6237f889}</UniqueIdentifier>
    </Filter>
    <Filter Include="소스 파일\00 Client\02 Scene\02 Room">
      <UniqueIdentifier>{ba4b97dc-33a4-47f8-98f0-9fc9604c53d3}</UniqueIdentifier>
    </Filter>
    <Filter Include="소스 파일\00 Client\02 Scene\03 Jungle">
      <UniqueIdentifier>{9b80996f-cf50-4167-9227-306edca418f1}</UniqueIdentifier>
    </Filter>
    <Filter Include="소스 파일\00 Client\03 Object\00 Public\03 UI">
      <UniqueIdentifier>{7584729b-f50f-4688-9af0-78002d713a6a}</UniqueIdentifier>
    </Filter>
    <Filter Include="소스 파일\00 Client\03 Object\00 Public\01 Camera\01 Ortho">
      <UniqueIdentifier>{dcb80692-4c0d-446c-8846-8de6a49d2bb5}</UniqueIdentifier>
    </Filter>
    <Filter Include="소스 파일\00 Client\03 Object\00 Public\03 UI\00 Button_UI">
      <UniqueIdentifier>{08bacee4-531c-46af-bf41-df72a4e9a425}</UniqueIdentifier>
    </Filter>
    <Filter Include="소스 파일\00 Client\03 Object\00 Public\03 UI\01 3D_UI">
      <UniqueIdentifier>{93874465-e14b-41b5-a6fe-8205cc3462cd}</UniqueIdentifier>
    </Filter>
    <Filter Include="소스 파일\00 Client\03 Object\00 Public\03 UI\02 Normal_UI">
      <UniqueIdentifier>{09981906-a8a2-414a-a701-c9a737d08d45}</UniqueIdentifier>
    </Filter>
    <Filter Include="소스 파일\00 Client\03 Object\01 InGame\00 Player\01 Monkey">
      <UniqueIdentifier>{2148dde5-429e-41d4-a71f-10a4bf6078f3}</UniqueIdentifier>
    </Filter>
    <Filter Include="소스 파일\00 Client\03 Object\01 InGame\03 Banana">
      <UniqueIdentifier>{a51b1048-719c-46f2-97f1-d4d5a0cbcf51}</UniqueIdentifier>
    </Filter>
    <Filter Include="소스 파일\00 Client\03 Object\00 Public\03 UI\03 Font_UI">
      <UniqueIdentifier>{cabb542f-c0aa-4220-b627-ee6f6b624dfc}</UniqueIdentifier>
    </Filter>
    <Filter Include="소스 파일\00 Client\03 Object\00 Public\03 UI\04 Number_UI">
      <UniqueIdentifier>{7a43bff3-9a73-45dd-b597-390869864a70}</UniqueIdentifier>
    </Filter>
    <Filter Include="소스 파일\00 Client\03 Object\00 Public\01 Camera\02 Third">
      <UniqueIdentifier>{f0d31040-7aa6-46d6-be00-0a42497bcc9b}</UniqueIdentifier>
    </Filter>
    <Filter Include="소스 파일\00 Client\97 etc">
      <UniqueIdentifier>{9994a15f-e11c-436a-8874-de392621cae8}</UniqueIdentifier>
    </Filter>
    <Filter Include="소스 파일\00 Client\03 Object\00 Public\04 Section">
      <UniqueIdentifier>{ff9edfbc-5bdc-409d-aa33-c43b0de1530b}</UniqueIdentifier>
    </Filter>
    <Filter Include="소스 파일\00 Client\03 Object\00 Public\03 UI\05 Bar_UI">
      <UniqueIdentifier>{3060d1ea-21b5-4a39-8b6f-2cae12a439d6}</UniqueIdentifier>
    </Filter>
    <Filter Include="소스 파일\00 Client\03 Object\00 Public\03 UI\06 Sign_UI">
      <UniqueIdentifier>{1fc2e729-bd40-414d-8ac5-28b7859a4249}</UniqueIdentifier>
    </Filter>
    <Filter Include="소스 파일\00 Client\03 Object\01 InGame\04 Crown">
      <UniqueIdentifier>{3505ef21-1dc8-468e-a17f-c6510c116291}</UniqueIdentifier>
    </Filter>
    <Filter Include="소스 파일\00 Client\03 Object\00 Public\01 Camera\03 Event">
      <UniqueIdentifier>{fc429611-7702-45dc-9ed1-54c44927be7b}</UniqueIdentifier>
    </Filter>
    <Filter Include="소스 파일\00 Client\03 Object\00 Public\02 Skydome">
      <UniqueIdentifier>{addea75d-5082-4d8c-8ed2-5e52a29419dd}</UniqueIdentifier>
    </Filter>
    <Filter Include="소스 파일\03 Resources\01 Mesh\00 Inanimate\02 Cloth">
      <UniqueIdentifier>{c0529f6c-5057-42a4-b2f3-b3d82cc83d16}</UniqueIdentifier>
    </Filter>
    <Filter Include="소스 파일\00 Client\03 Object\01 InGame\05 Cloth">
      <UniqueIdentifier>{139a5854-5d8c-4fa6-a481-570a8e7bdd48}</UniqueIdentifier>
    </Filter>
    <Filter Include="소스 파일\02 Utility\04 Thread">
      <UniqueIdentifier>{bd6f641a-0bca-496c-8ea0-20d7721e23a0}</UniqueIdentifier>
    </Filter>
    <Filter Include="소스 파일\02 Utility\05 State">
      <UniqueIdentifier>{b22bc248-1913-4427-ba34-967a3794adc0}</UniqueIdentifier>
    </Filter>
    <Filter Include="소스 파일\02 Utility\05 State\00 StateMachine">
      <UniqueIdentifier>{1085d888-b2a7-4f66-bdc4-a51a68c20a0d}</UniqueIdentifier>
    </Filter>
    <Filter Include="소스 파일\03 Resources\04 Shader\99 HLSL\00 UI">
      <UniqueIdentifier>{ce4671e6-2de5-4335-bdf1-b609ff782656}</UniqueIdentifier>
    </Filter>
    <Filter Include="소스 파일\03 Resources\04 Shader\99 HLSL\01 AnimateMesh">
      <UniqueIdentifier>{96a117d3-bf2a-4bc8-8cb7-71a8b5e1bdc3}</UniqueIdentifier>
    </Filter>
    <Filter Include="소스 파일\03 Resources\04 Shader\99 HLSL\99 Debug">
      <UniqueIdentifier>{bf712151-c042-4f22-b1f2-fd580eacfca9}</UniqueIdentifier>
    </Filter>
    <Filter Include="소스 파일\03 Resources\04 Shader\99 HLSL\02 Mesh">
      <UniqueIdentifier>{6f7d5f8a-31f5-486b-9fb3-de7b7171cad6}</UniqueIdentifier>
    </Filter>
    <Filter Include="소스 파일\03 Resources\04 Shader\99 HLSL\03 Deferred">
      <UniqueIdentifier>{8dfb19c2-7938-4801-93eb-597382ad1e04}</UniqueIdentifier>
    </Filter>
    <Filter Include="소스 파일\03 Resources\04 Shader\99 HLSL\04 Shadow">
      <UniqueIdentifier>{91e2815f-1c61-478c-a9ce-e8d6d6f83b57}</UniqueIdentifier>
    </Filter>
    <Filter Include="소스 파일\02 Utility\07 Mathematics / TypeConversion">
      <UniqueIdentifier>{e3fe9a7b-39e0-45c8-9173-0688545150ed}</UniqueIdentifier>
    </Filter>
    <Filter Include="소스 파일\00 Client\03 Object\01 InGame\00 Player\02 Bat">
      <UniqueIdentifier>{6b20794f-d699-4e1a-a853-3649e9ec26b6}</UniqueIdentifier>
    </Filter>
    <Filter Include="소스 파일\00 Client\03 Object\00 Public\03 UI\07 Skill_UI">
      <UniqueIdentifier>{6d16f136-304c-44cc-b04c-a02be809f89e}</UniqueIdentifier>
    </Filter>
    <Filter Include="소스 파일\03 Resources\04 Shader\02 Component">
      <UniqueIdentifier>{cd5d195a-e89d-434a-b229-6913cd9ac9de}</UniqueIdentifier>
    </Filter>
    <Filter Include="소스 파일\03 Resources\04 Shader\99 HLSL\05 Particle">
      <UniqueIdentifier>{7194901a-274d-428b-9151-dda2dfbf53b8}</UniqueIdentifier>
    </Filter>
    <Filter Include="소스 파일\02 Utility\06 Effect">
      <UniqueIdentifier>{8dfa6167-3e4f-44d4-aac1-20cb7738bbe2}</UniqueIdentifier>
    </Filter>
    <Filter Include="소스 파일\02 Utility\06 Effect\00 Manager">
      <UniqueIdentifier>{c18df937-0e60-4932-b3be-a1d3712b3443}</UniqueIdentifier>
    </Filter>
    <Filter Include="소스 파일\02 Utility\06 Effect\01 Object">
      <UniqueIdentifier>{4e43bb6c-9789-47e2-8a35-7884f30a2af3}</UniqueIdentifier>
    </Filter>
    <Filter Include="소스 파일\02 Utility\06 Effect\01 Object\00 Trail">
      <UniqueIdentifier>{aeadb38c-c61e-4cc7-9ef8-972414816b79}</UniqueIdentifier>
    </Filter>
    <Filter Include="소스 파일\02 Utility\06 Effect\01 Object\02 Fire">
      <UniqueIdentifier>{d05f8991-bd25-4eb9-9e92-53f43903a0e9}</UniqueIdentifier>
    </Filter>
    <Filter Include="소스 파일\02 Utility\06 Effect\01 Object\01 Dummy">
      <UniqueIdentifier>{691c087c-1550-47d9-9eb3-7e3acc874135}</UniqueIdentifier>
    </Filter>
    <Filter Include="소스 파일\03 Resources\04 Shader\03 Stencil">
      <UniqueIdentifier>{355ed8f6-e628-49f5-9fb7-e6ba63df602a}</UniqueIdentifier>
    </Filter>
  </ItemGroup>
  <ItemGroup>
    <Text Include="ReadMe.txt" />
    <Text Include="..\Executable\Resources\List\Textures.txt">
      <Filter>소스 파일\03 Resources\05 List</Filter>
    </Text>
    <Text Include="..\Executable\Resources\List\Shaders.txt">
      <Filter>소스 파일\03 Resources\05 List</Filter>
    </Text>
    <Text Include="..\Executable\Resources\List\StaticMeshes.txt">
      <Filter>소스 파일\03 Resources\05 List</Filter>
    </Text>
    <Text Include="..\Executable\Resources\List\AnimateMeshes.txt">
      <Filter>소스 파일\03 Resources\05 List</Filter>
    </Text>
    <Text Include="..\Executable\Resources\List\Animations.txt">
      <Filter>소스 파일\03 Resources\05 List</Filter>
    </Text>
    <Text Include="..\Executable\Resources\IP.txt">
      <Filter>소스 파일</Filter>
    </Text>
  </ItemGroup>
  <ItemGroup>
    <ClInclude Include="targetver.h">
      <Filter>헤더 파일</Filter>
    </ClInclude>
    <ClInclude Include="Resource.h">
      <Filter>헤더 파일</Filter>
    </ClInclude>
    <ClInclude Include="Client.h">
      <Filter>소스 파일\00 Client\98 Default</Filter>
    </ClInclude>
    <ClInclude Include="MainFrm.h">
      <Filter>소스 파일\00 Client\01 MainFrm</Filter>
    </ClInclude>
    <ClInclude Include="Struct.h">
      <Filter>소스 파일\04 Headers</Filter>
    </ClInclude>
    <ClInclude Include="Function.h">
      <Filter>소스 파일\04 Headers</Filter>
    </ClInclude>
    <ClInclude Include="Functor.h">
      <Filter>소스 파일\04 Headers</Filter>
    </ClInclude>
    <ClInclude Include="Value.h">
      <Filter>소스 파일\04 Headers</Filter>
    </ClInclude>
    <ClInclude Include="Define.h">
      <Filter>소스 파일\04 Headers</Filter>
    </ClInclude>
    <ClInclude Include="Timer.h">
      <Filter>소스 파일\01 System\00 Timer</Filter>
    </ClInclude>
    <ClInclude Include="GraphicDev.h">
      <Filter>소스 파일\01 System\01 GraphicDev</Filter>
    </ClInclude>
    <ClInclude Include="stdafx.h">
      <Filter>소스 파일\00 Client\99 stdafx</Filter>
    </ClInclude>
    <ClInclude Include="Base.h">
      <Filter>소스 파일\02 Utility\00 SuperClass\00 Base</Filter>
    </ClInclude>
    <ClInclude Include="GameObject.h">
      <Filter>소스 파일\02 Utility\00 SuperClass\01 GameObject</Filter>
    </ClInclude>
    <ClInclude Include="Camera.h">
      <Filter>소스 파일\02 Utility\00 SuperClass\02 Camera</Filter>
    </ClInclude>
    <ClInclude Include="Scene.h">
      <Filter>소스 파일\00 Client\02 Scene</Filter>
    </ClInclude>
    <ClInclude Include="Logo.h">
      <Filter>소스 파일\00 Client\02 Scene\00 Logo</Filter>
    </ClInclude>
    <ClInclude Include="ThreadMgr.h">
      <Filter>소스 파일\02 Utility\04 Thread</Filter>
    </ClInclude>
    <ClInclude Include="Singleton.h">
      <Filter>소스 파일\02 Utility\00 SuperClass\03 Singleton</Filter>
    </ClInclude>
    <ClInclude Include="Enum.h">
      <Filter>소스 파일\04 Headers</Filter>
    </ClInclude>
    <ClInclude Include="Resources.h">
      <Filter>소스 파일\03 Resources</Filter>
    </ClInclude>
    <ClInclude Include="AnimationMgr.h">
      <Filter>소스 파일\03 Resources\03 Animation\01 Manager</Filter>
    </ClInclude>
    <ClInclude Include="Mesh.h">
      <Filter>소스 파일\03 Resources\01 Mesh</Filter>
    </ClInclude>
    <ClInclude Include="MeshMgr.h">
      <Filter>소스 파일\03 Resources\01 Mesh\00 Inanimate\99 Manager</Filter>
    </ClInclude>
    <ClInclude Include="Texture.h">
      <Filter>소스 파일\03 Resources\00 Texture</Filter>
    </ClInclude>
    <ClInclude Include="MultiTexture.h">
      <Filter>소스 파일\03 Resources\00 Texture\01 MultiTexture</Filter>
    </ClInclude>
    <ClInclude Include="SingleTexture.h">
      <Filter>소스 파일\03 Resources\00 Texture\00 SingleTexture</Filter>
    </ClInclude>
    <ClInclude Include="TextureMgr.h">
      <Filter>소스 파일\03 Resources\00 Texture\99 Manager</Filter>
    </ClInclude>
    <ClInclude Include="Dot.h">
      <Filter>소스 파일\03 Resources\01 Mesh\00 Inanimate\00 Dot</Filter>
    </ClInclude>
    <ClInclude Include="Shader.h">
      <Filter>소스 파일\03 Resources\04 Shader</Filter>
    </ClInclude>
    <ClInclude Include="ShaderMgr.h">
      <Filter>소스 파일\03 Resources\04 Shader\98 Manager</Filter>
    </ClInclude>
    <ClInclude Include="NormalShader.h">
      <Filter>소스 파일\03 Resources\04 Shader\00 Normal</Filter>
    </ClInclude>
    <ClInclude Include="InstancingShader.h">
      <Filter>소스 파일\03 Resources\04 Shader\01 Instancing</Filter>
    </ClInclude>
    <ClInclude Include="Background.h">
      <Filter>소스 파일\03 Resources\01 Mesh\00 Inanimate\01 Background</Filter>
    </ClInclude>
    <ClInclude Include="Wallpaper.h">
      <Filter>소스 파일\00 Client\03 Object\00 Public\00 Wallpaper</Filter>
    </ClInclude>
    <ClInclude Include="AnimateMeshMgr.h">
      <Filter>소스 파일\03 Resources\01 Mesh\01 Animate\99 Manager</Filter>
    </ClInclude>
    <ClInclude Include="StaticMesh.h">
      <Filter>소스 파일\03 Resources\01 Mesh\00 Inanimate\98 StaticMesh</Filter>
    </ClInclude>
    <ClInclude Include="Jungle.h">
      <Filter>소스 파일\00 Client\02 Scene\03 Jungle</Filter>
    </ClInclude>
    <ClInclude Include="DebugCamera.h">
      <Filter>소스 파일\00 Client\03 Object\00 Public\01 Camera\00 Debug</Filter>
    </ClInclude>
    <ClInclude Include="InputMgr.h">
      <Filter>소스 파일\01 System\04 DInput</Filter>
    </ClInclude>
    <ClInclude Include="RenderTarget.h">
      <Filter>소스 파일\02 Utility\03 RenderTarget</Filter>
    </ClInclude>
    <ClInclude Include="RenderTargetMgr.h">
      <Filter>소스 파일\02 Utility\03 RenderTarget\00 Manager</Filter>
    </ClInclude>
    <ClInclude Include="Renderer.h">
      <Filter>소스 파일\02 Utility\01 Renderer</Filter>
    </ClInclude>
    <ClInclude Include="RenderState.h">
      <Filter>소스 파일\02 Utility\01 Renderer\00 RenderState</Filter>
    </ClInclude>
    <ClInclude Include="Terrain.h">
      <Filter>소스 파일\00 Client\03 Object\01 InGame\01 Terrain</Filter>
    </ClInclude>
    <ClInclude Include="Player.h">
      <Filter>소스 파일\00 Client\03 Object\01 InGame\00 Player</Filter>
    </ClInclude>
    <ClInclude Include="LightMgr.h">
      <Filter>소스 파일\02 Utility\02 Light</Filter>
    </ClInclude>
    <ClInclude Include="AnimateMesh.h">
      <Filter>소스 파일\03 Resources\01 Mesh\01 Animate</Filter>
    </ClInclude>
    <ClInclude Include="Chameleon.h">
      <Filter>소스 파일\00 Client\03 Object\01 InGame\00 Player\00 Chameleon</Filter>
    </ClInclude>
    <ClInclude Include="Physics.h">
      <Filter>소스 파일\01 System\05 Physics</Filter>
    </ClInclude>
    <ClInclude Include="..\Executable\ThirdParty\Physics\NxuStream2\NXU_Asc2Bin.h">
      <Filter>소스 파일\05 Common\00 Nxustream2</Filter>
    </ClInclude>
    <ClInclude Include="..\Executable\ThirdParty\Physics\NxuStream2\NXU_ColladaExport.h">
      <Filter>소스 파일\05 Common\00 Nxustream2</Filter>
    </ClInclude>
    <ClInclude Include="..\Executable\ThirdParty\Physics\NxuStream2\NXU_ColladaImport.h">
      <Filter>소스 파일\05 Common\00 Nxustream2</Filter>
    </ClInclude>
    <ClInclude Include="..\Executable\ThirdParty\Physics\NxuStream2\NXU_cooking.h">
      <Filter>소스 파일\05 Common\00 Nxustream2</Filter>
    </ClInclude>
    <ClInclude Include="..\Executable\ThirdParty\Physics\NxuStream2\NXU_customcopy.h">
      <Filter>소스 파일\05 Common\00 Nxustream2</Filter>
    </ClInclude>
    <ClInclude Include="..\Executable\ThirdParty\Physics\NxuStream2\NXU_File.h">
      <Filter>소스 파일\05 Common\00 Nxustream2</Filter>
    </ClInclude>
    <ClInclude Include="..\Executable\ThirdParty\Physics\NxuStream2\NXU_Geometry.h">
      <Filter>소스 파일\05 Common\00 Nxustream2</Filter>
    </ClInclude>
    <ClInclude Include="..\Executable\ThirdParty\Physics\NxuStream2\NXU_GraphicsMesh.h">
      <Filter>소스 파일\05 Common\00 Nxustream2</Filter>
    </ClInclude>
    <ClInclude Include="..\Executable\ThirdParty\Physics\NxuStream2\NXU_helper.h">
      <Filter>소스 파일\05 Common\00 Nxustream2</Filter>
    </ClInclude>
    <ClInclude Include="..\Executable\ThirdParty\Physics\NxuStream2\NXU_hull.h">
      <Filter>소스 파일\05 Common\00 Nxustream2</Filter>
    </ClInclude>
    <ClInclude Include="..\Executable\ThirdParty\Physics\NxuStream2\NXU_PhysicsExport.h">
      <Filter>소스 파일\05 Common\00 Nxustream2</Filter>
    </ClInclude>
    <ClInclude Include="..\Executable\ThirdParty\Physics\NxuStream2\NXU_PhysicsInstantiator.h">
      <Filter>소스 파일\05 Common\00 Nxustream2</Filter>
    </ClInclude>
    <ClInclude Include="..\Executable\ThirdParty\Physics\NxuStream2\NXU_ScaledCopy.h">
      <Filter>소스 파일\05 Common\00 Nxustream2</Filter>
    </ClInclude>
    <ClInclude Include="..\Executable\ThirdParty\Physics\NxuStream2\NXU_schema.h">
      <Filter>소스 파일\05 Common\00 Nxustream2</Filter>
    </ClInclude>
    <ClInclude Include="..\Executable\ThirdParty\Physics\NxuStream2\NXU_SchemaStream.h">
      <Filter>소스 파일\05 Common\00 Nxustream2</Filter>
    </ClInclude>
    <ClInclude Include="..\Executable\ThirdParty\Physics\NxuStream2\NXU_SchemaTypes.h">
      <Filter>소스 파일\05 Common\00 Nxustream2</Filter>
    </ClInclude>
    <ClInclude Include="..\Executable\ThirdParty\Physics\NxuStream2\NXU_Streaming.h">
      <Filter>소스 파일\05 Common\00 Nxustream2</Filter>
    </ClInclude>
    <ClInclude Include="..\Executable\ThirdParty\Physics\NxuStream2\NXU_string.h">
      <Filter>소스 파일\05 Common\00 Nxustream2</Filter>
    </ClInclude>
    <ClInclude Include="..\Executable\ThirdParty\Physics\NxuStream2\NXU_tinystr.h">
      <Filter>소스 파일\05 Common\00 Nxustream2</Filter>
    </ClInclude>
    <ClInclude Include="..\Executable\ThirdParty\Physics\NxuStream2\NXU_tinyxml.h">
      <Filter>소스 파일\05 Common\00 Nxustream2</Filter>
    </ClInclude>
    <ClInclude Include="..\Executable\ThirdParty\Physics\SampleCommonCode\src\cooking.h">
      <Filter>소스 파일\05 Common\01 SampleCommonCode</Filter>
    </ClInclude>
    <ClInclude Include="..\Executable\ThirdParty\Physics\SampleCommonCode\src\UserAllocator.h">
      <Filter>소스 파일\05 Common\01 SampleCommonCode</Filter>
    </ClInclude>
    <ClInclude Include="..\Executable\ThirdParty\Physics\SampleCommonCode\src\Utilities.h">
      <Filter>소스 파일\05 Common\01 SampleCommonCode</Filter>
    </ClInclude>
    <ClInclude Include="CollisionReport.h">
      <Filter>소스 파일\01 System\05 Physics\00 Collision Report</Filter>
    </ClInclude>
    <ClInclude Include="StateMachine.h">
      <Filter>소스 파일\02 Utility\05 State\00 StateMachine</Filter>
    </ClInclude>
    <ClInclude Include="State.h">
      <Filter>소스 파일\02 Utility\05 State</Filter>
    </ClInclude>
    <ClInclude Include="Environment.h">
      <Filter>소스 파일\00 Client\03 Object\01 InGame\02 Environment</Filter>
    </ClInclude>
    <ClInclude Include="Animator.h">
      <Filter>소스 파일\03 Resources\03 Animation\00 Animator</Filter>
    </ClInclude>
    <ClInclude Include="AnimationSet.h">
      <Filter>소스 파일\03 Resources\03 Animation</Filter>
    </ClInclude>
    <ClInclude Include="Mathematics.h">
      <Filter>소스 파일\02 Utility\07 Mathematics / TypeConversion</Filter>
    </ClInclude>
    <ClInclude Include="NetworkMgr.h">
      <Filter>소스 파일\01 System\02 Network</Filter>
    </ClInclude>
    <ClInclude Include="Protocol.h">
      <Filter>소스 파일\01 System\02 Network</Filter>
    </ClInclude>
    <ClInclude Include="Lobby.h">
      <Filter>소스 파일\00 Client\02 Scene\01 Lobby</Filter>
    </ClInclude>
    <ClInclude Include="UserInterface.h">
      <Filter>소스 파일\00 Client\03 Object\00 Public\03 UI</Filter>
    </ClInclude>
    <ClInclude Include="Room.h">
      <Filter>소스 파일\00 Client\02 Scene\02 Room</Filter>
    </ClInclude>
    <ClInclude Include="Button_UI.h">
      <Filter>소스 파일\00 Client\03 Object\00 Public\03 UI\00 Button_UI</Filter>
    </ClInclude>
    <ClInclude Include="Normal_UI.h">
      <Filter>소스 파일\00 Client\03 Object\00 Public\03 UI\02 Normal_UI</Filter>
    </ClInclude>
    <ClInclude Include="ThreeD_UI.h">
      <Filter>소스 파일\00 Client\03 Object\00 Public\03 UI\01 3D_UI</Filter>
    </ClInclude>
    <ClInclude Include="OrthoCamera.h">
      <Filter>소스 파일\00 Client\03 Object\00 Public\01 Camera\01 Ortho</Filter>
    </ClInclude>
    <ClInclude Include="Monkey.h">
      <Filter>소스 파일\00 Client\03 Object\01 InGame\00 Player\01 Monkey</Filter>
    </ClInclude>
    <ClInclude Include="Banana.h">
      <Filter>소스 파일\00 Client\03 Object\01 InGame\03 Banana</Filter>
    </ClInclude>
    <ClInclude Include="Number_UI.h">
      <Filter>소스 파일\00 Client\03 Object\00 Public\03 UI\04 Number_UI</Filter>
    </ClInclude>
    <ClInclude Include="ThirdCamera.h">
      <Filter>소스 파일\00 Client\03 Object\00 Public\01 Camera\02 Third</Filter>
    </ClInclude>
    <ClInclude Include="Section.h">
      <Filter>소스 파일\00 Client\03 Object\00 Public\04 Section</Filter>
    </ClInclude>
    <ClInclude Include="Bar_UI.h">
      <Filter>소스 파일\00 Client\03 Object\00 Public\03 UI\05 Bar_UI</Filter>
    </ClInclude>
    <ClInclude Include="Sign_UI.h">
      <Filter>소스 파일\00 Client\03 Object\00 Public\03 UI\06 Sign_UI</Filter>
    </ClInclude>
    <ClInclude Include="Crown.h">
      <Filter>소스 파일\00 Client\03 Object\01 InGame\04 Crown</Filter>
    </ClInclude>
    <ClInclude Include="EventCamera.h">
      <Filter>소스 파일\00 Client\03 Object\00 Public\01 Camera\03 Event</Filter>
    </ClInclude>
    <ClInclude Include="Skydome.h">
      <Filter>소스 파일\00 Client\03 Object\00 Public\02 Skydome</Filter>
    </ClInclude>
    <ClInclude Include="Stream.h">
      <Filter>소스 파일\05 Common\01 SampleCommonCode</Filter>
    </ClInclude>
    <ClInclude Include="wavefront.h">
      <Filter>소스 파일\05 Common\01 SampleCommonCode</Filter>
    </ClInclude>
    <ClInclude Include="MediaPath.h">
      <Filter>소스 파일\05 Common\01 SampleCommonCode</Filter>
    </ClInclude>
    <ClInclude Include="ClothMesh.h">
      <Filter>소스 파일\03 Resources\01 Mesh\00 Inanimate\02 Cloth</Filter>
    </ClInclude>
    <ClInclude Include="Cloth.h">
      <Filter>소스 파일\00 Client\03 Object\01 InGame\05 Cloth</Filter>
    </ClInclude>
    <ClInclude Include="Trail.h">
      <Filter>소스 파일\02 Utility\06 Effect\01 Object\00 Trail</Filter>
    </ClInclude>
    <ClInclude Include="Bat.h">
      <Filter>소스 파일\00 Client\03 Object\01 InGame\00 Player\02 Bat</Filter>
    </ClInclude>
    <ClInclude Include="Skill_UI.h">
      <Filter>소스 파일\00 Client\03 Object\00 Public\03 UI\07 Skill_UI</Filter>
    </ClInclude>
    <ClInclude Include="ComponentShader.h">
      <Filter>소스 파일\03 Resources\04 Shader\02 Component</Filter>
    </ClInclude>
    <ClInclude Include="EffectMgr.h">
      <Filter>소스 파일\02 Utility\06 Effect\00 Manager</Filter>
    </ClInclude>
    <ClInclude Include="EffectObject.h">
      <Filter>소스 파일\02 Utility\06 Effect\01 Object</Filter>
    </ClInclude>
    <ClInclude Include="Dummy.h">
      <Filter>소스 파일\02 Utility\06 Effect\01 Object\01 Dummy</Filter>
    </ClInclude>
    <ClInclude Include="StencilShader.h">
      <Filter>헤더 파일</Filter>
    </ClInclude>
  </ItemGroup>
  <ItemGroup>
    <ClCompile Include="Client.cpp">
      <Filter>소스 파일\00 Client\98 Default</Filter>
    </ClCompile>
    <ClCompile Include="MainFrm.cpp">
      <Filter>소스 파일\00 Client\01 MainFrm</Filter>
    </ClCompile>
    <ClCompile Include="Timer.cpp">
      <Filter>소스 파일\01 System\00 Timer</Filter>
    </ClCompile>
    <ClCompile Include="GraphicDev.cpp">
      <Filter>소스 파일\01 System\01 GraphicDev</Filter>
    </ClCompile>
    <ClCompile Include="stdafx.cpp">
      <Filter>소스 파일\00 Client\99 stdafx</Filter>
    </ClCompile>
    <ClCompile Include="Base.cpp">
      <Filter>소스 파일\02 Utility\00 SuperClass\00 Base</Filter>
    </ClCompile>
    <ClCompile Include="GameObject.cpp">
      <Filter>소스 파일\02 Utility\00 SuperClass\01 GameObject</Filter>
    </ClCompile>
    <ClCompile Include="Camera.cpp">
      <Filter>소스 파일\02 Utility\00 SuperClass\02 Camera</Filter>
    </ClCompile>
    <ClCompile Include="Scene.cpp">
      <Filter>소스 파일\00 Client\02 Scene</Filter>
    </ClCompile>
    <ClCompile Include="Logo.cpp">
      <Filter>소스 파일\00 Client\02 Scene\00 Logo</Filter>
    </ClCompile>
    <ClCompile Include="ThreadMgr.cpp">
      <Filter>소스 파일\02 Utility\04 Thread</Filter>
    </ClCompile>
    <ClCompile Include="Resources.cpp">
      <Filter>소스 파일\03 Resources</Filter>
    </ClCompile>
    <ClCompile Include="AnimationMgr.cpp">
      <Filter>소스 파일\03 Resources\03 Animation\01 Manager</Filter>
    </ClCompile>
    <ClCompile Include="Mesh.cpp">
      <Filter>소스 파일\03 Resources\01 Mesh</Filter>
    </ClCompile>
    <ClCompile Include="MeshMgr.cpp">
      <Filter>소스 파일\03 Resources\01 Mesh\00 Inanimate\99 Manager</Filter>
    </ClCompile>
    <ClCompile Include="Texture.cpp">
      <Filter>소스 파일\03 Resources\00 Texture</Filter>
    </ClCompile>
    <ClCompile Include="MultiTexture.cpp">
      <Filter>소스 파일\03 Resources\00 Texture\01 MultiTexture</Filter>
    </ClCompile>
    <ClCompile Include="SingleTexture.cpp">
      <Filter>소스 파일\03 Resources\00 Texture\00 SingleTexture</Filter>
    </ClCompile>
    <ClCompile Include="TextureMgr.cpp">
      <Filter>소스 파일\03 Resources\00 Texture\99 Manager</Filter>
    </ClCompile>
    <ClCompile Include="Dot.cpp">
      <Filter>소스 파일\03 Resources\01 Mesh\00 Inanimate\00 Dot</Filter>
    </ClCompile>
    <ClCompile Include="Shader.cpp">
      <Filter>소스 파일\03 Resources\04 Shader</Filter>
    </ClCompile>
    <ClCompile Include="ShaderMgr.cpp">
      <Filter>소스 파일\03 Resources\04 Shader\98 Manager</Filter>
    </ClCompile>
    <ClCompile Include="NormalShader.cpp">
      <Filter>소스 파일\03 Resources\04 Shader\00 Normal</Filter>
    </ClCompile>
    <ClCompile Include="InstancingShader.cpp">
      <Filter>소스 파일\03 Resources\04 Shader\01 Instancing</Filter>
    </ClCompile>
    <ClCompile Include="Background.cpp">
      <Filter>소스 파일\03 Resources\01 Mesh\00 Inanimate\01 Background</Filter>
    </ClCompile>
    <ClCompile Include="Wallpaper.cpp">
      <Filter>소스 파일\00 Client\03 Object\00 Public\00 Wallpaper</Filter>
    </ClCompile>
    <ClCompile Include="AnimateMeshMgr.cpp">
      <Filter>소스 파일\03 Resources\01 Mesh\01 Animate\99 Manager</Filter>
    </ClCompile>
    <ClCompile Include="StaticMesh.cpp">
      <Filter>소스 파일\03 Resources\01 Mesh\00 Inanimate\98 StaticMesh</Filter>
    </ClCompile>
    <ClCompile Include="Jungle.cpp">
      <Filter>소스 파일\00 Client\02 Scene\03 Jungle</Filter>
    </ClCompile>
    <ClCompile Include="DebugCamera.cpp">
      <Filter>소스 파일\00 Client\03 Object\00 Public\01 Camera\00 Debug</Filter>
    </ClCompile>
    <ClCompile Include="InputMgr.cpp">
      <Filter>소스 파일\01 System\04 DInput</Filter>
    </ClCompile>
    <ClCompile Include="RenderTarget.cpp">
      <Filter>소스 파일\02 Utility\03 RenderTarget</Filter>
    </ClCompile>
    <ClCompile Include="RenderTargetMgr.cpp">
      <Filter>소스 파일\02 Utility\03 RenderTarget\00 Manager</Filter>
    </ClCompile>
    <ClCompile Include="Renderer.cpp">
      <Filter>소스 파일\02 Utility\01 Renderer</Filter>
    </ClCompile>
    <ClCompile Include="RenderState.cpp">
      <Filter>소스 파일\02 Utility\01 Renderer\00 RenderState</Filter>
    </ClCompile>
    <ClCompile Include="Terrain.cpp">
      <Filter>소스 파일\00 Client\03 Object\01 InGame\01 Terrain</Filter>
    </ClCompile>
    <ClCompile Include="Player.cpp">
      <Filter>소스 파일\00 Client\03 Object\01 InGame\00 Player</Filter>
    </ClCompile>
    <ClCompile Include="LightMgr.cpp">
      <Filter>소스 파일\02 Utility\02 Light</Filter>
    </ClCompile>
    <ClCompile Include="AnimateMesh.cpp">
      <Filter>소스 파일\03 Resources\01 Mesh\01 Animate</Filter>
    </ClCompile>
    <ClCompile Include="Chameleon.cpp">
      <Filter>소스 파일\00 Client\03 Object\01 InGame\00 Player\00 Chameleon</Filter>
    </ClCompile>
    <ClCompile Include="Physics.cpp">
      <Filter>소스 파일\01 System\05 Physics</Filter>
    </ClCompile>
    <ClCompile Include="..\Executable\ThirdParty\Physics\NxuStream2\NXU_Asc2Bin.cpp">
      <Filter>소스 파일\05 Common\00 Nxustream2</Filter>
    </ClCompile>
    <ClCompile Include="..\Executable\ThirdParty\Physics\NxuStream2\NXU_ColladaExport.cpp">
      <Filter>소스 파일\05 Common\00 Nxustream2</Filter>
    </ClCompile>
    <ClCompile Include="..\Executable\ThirdParty\Physics\NxuStream2\NXU_ColladaImport.cpp">
      <Filter>소스 파일\05 Common\00 Nxustream2</Filter>
    </ClCompile>
    <ClCompile Include="..\Executable\ThirdParty\Physics\NxuStream2\NXU_cooking.cpp">
      <Filter>소스 파일\05 Common\00 Nxustream2</Filter>
    </ClCompile>
    <ClCompile Include="..\Executable\ThirdParty\Physics\NxuStream2\NXU_customcopy.cpp">
      <Filter>소스 파일\05 Common\00 Nxustream2</Filter>
    </ClCompile>
    <ClCompile Include="..\Executable\ThirdParty\Physics\NxuStream2\NXU_File.cpp">
      <Filter>소스 파일\05 Common\00 Nxustream2</Filter>
    </ClCompile>
    <ClCompile Include="..\Executable\ThirdParty\Physics\NxuStream2\NXU_Geometry.cpp">
      <Filter>소스 파일\05 Common\00 Nxustream2</Filter>
    </ClCompile>
    <ClCompile Include="..\Executable\ThirdParty\Physics\NxuStream2\NXU_GraphicsMesh.cpp">
      <Filter>소스 파일\05 Common\00 Nxustream2</Filter>
    </ClCompile>
    <ClCompile Include="..\Executable\ThirdParty\Physics\NxuStream2\NXU_helper.cpp">
      <Filter>소스 파일\05 Common\00 Nxustream2</Filter>
    </ClCompile>
    <ClCompile Include="..\Executable\ThirdParty\Physics\NxuStream2\NXU_hull.cpp">
      <Filter>소스 파일\05 Common\00 Nxustream2</Filter>
    </ClCompile>
    <ClCompile Include="..\Executable\ThirdParty\Physics\NxuStream2\NXU_PhysicsExport.cpp">
      <Filter>소스 파일\05 Common\00 Nxustream2</Filter>
    </ClCompile>
    <ClCompile Include="..\Executable\ThirdParty\Physics\NxuStream2\NXU_PhysicsInstantiator.cpp">
      <Filter>소스 파일\05 Common\00 Nxustream2</Filter>
    </ClCompile>
    <ClCompile Include="..\Executable\ThirdParty\Physics\NxuStream2\NXU_ScaledCopy.cpp">
      <Filter>소스 파일\05 Common\00 Nxustream2</Filter>
    </ClCompile>
    <ClCompile Include="..\Executable\ThirdParty\Physics\NxuStream2\NXU_schema.cpp">
      <Filter>소스 파일\05 Common\00 Nxustream2</Filter>
    </ClCompile>
    <ClCompile Include="..\Executable\ThirdParty\Physics\NxuStream2\NXU_SchemaStream.cpp">
      <Filter>소스 파일\05 Common\00 Nxustream2</Filter>
    </ClCompile>
    <ClCompile Include="..\Executable\ThirdParty\Physics\NxuStream2\NXU_Streaming.cpp">
      <Filter>소스 파일\05 Common\00 Nxustream2</Filter>
    </ClCompile>
    <ClCompile Include="..\Executable\ThirdParty\Physics\NxuStream2\NXU_string.cpp">
      <Filter>소스 파일\05 Common\00 Nxustream2</Filter>
    </ClCompile>
    <ClCompile Include="..\Executable\ThirdParty\Physics\NxuStream2\NXU_tinystr.cpp">
      <Filter>소스 파일\05 Common\00 Nxustream2</Filter>
    </ClCompile>
    <ClCompile Include="..\Executable\ThirdParty\Physics\NxuStream2\NXU_tinyxml.cpp">
      <Filter>소스 파일\05 Common\00 Nxustream2</Filter>
    </ClCompile>
    <ClCompile Include="..\Executable\ThirdParty\Physics\NxuStream2\NXU_tinyxmlerror.cpp">
      <Filter>소스 파일\05 Common\00 Nxustream2</Filter>
    </ClCompile>
    <ClCompile Include="..\Executable\ThirdParty\Physics\NxuStream2\NXU_tinyxmlparser.cpp">
      <Filter>소스 파일\05 Common\00 Nxustream2</Filter>
    </ClCompile>
    <ClCompile Include="..\Executable\ThirdParty\Physics\SampleCommonCode\src\Cooking.cpp">
      <Filter>소스 파일\05 Common\01 SampleCommonCode</Filter>
    </ClCompile>
    <ClCompile Include="..\Executable\ThirdParty\Physics\SampleCommonCode\src\userallocator.cpp">
      <Filter>소스 파일\05 Common\01 SampleCommonCode</Filter>
    </ClCompile>
    <ClCompile Include="CollisionReport.cpp">
      <Filter>소스 파일\01 System\05 Physics\00 Collision Report</Filter>
    </ClCompile>
    <ClCompile Include="StateMachine.cpp">
      <Filter>소스 파일\02 Utility\05 State\00 StateMachine</Filter>
    </ClCompile>
    <ClCompile Include="Environment.cpp">
      <Filter>소스 파일\00 Client\03 Object\01 InGame\02 Environment</Filter>
    </ClCompile>
    <ClCompile Include="State.cpp">
      <Filter>소스 파일\02 Utility\05 State</Filter>
    </ClCompile>
    <ClCompile Include="Animator.cpp">
      <Filter>소스 파일\03 Resources\03 Animation\00 Animator</Filter>
    </ClCompile>
    <ClCompile Include="AnimationSet.cpp">
      <Filter>소스 파일\03 Resources\03 Animation</Filter>
    </ClCompile>
    <ClCompile Include="Mathematics.cpp">
      <Filter>소스 파일\02 Utility\07 Mathematics / TypeConversion</Filter>
    </ClCompile>
    <ClCompile Include="NetworkMgr.cpp">
      <Filter>소스 파일\01 System\02 Network</Filter>
    </ClCompile>
    <ClCompile Include="Lobby.cpp">
      <Filter>소스 파일\00 Client\02 Scene\01 Lobby</Filter>
    </ClCompile>
    <ClCompile Include="UserInterface.cpp">
      <Filter>소스 파일\00 Client\03 Object\00 Public\03 UI</Filter>
    </ClCompile>
    <ClCompile Include="Room.cpp">
      <Filter>소스 파일\00 Client\02 Scene\02 Room</Filter>
    </ClCompile>
    <ClCompile Include="Button_UI.cpp">
      <Filter>소스 파일\00 Client\03 Object\00 Public\03 UI\00 Button_UI</Filter>
    </ClCompile>
    <ClCompile Include="Normal_UI.cpp">
      <Filter>소스 파일\00 Client\03 Object\00 Public\03 UI\02 Normal_UI</Filter>
    </ClCompile>
    <ClCompile Include="ThreeD_UI.cpp">
      <Filter>소스 파일\00 Client\03 Object\00 Public\03 UI\01 3D_UI</Filter>
    </ClCompile>
    <ClCompile Include="OrthoCamera.cpp">
      <Filter>소스 파일\00 Client\03 Object\00 Public\01 Camera\01 Ortho</Filter>
    </ClCompile>
    <ClCompile Include="Monkey.cpp">
      <Filter>소스 파일\00 Client\03 Object\01 InGame\00 Player\01 Monkey</Filter>
    </ClCompile>
    <ClCompile Include="Banana.cpp">
      <Filter>소스 파일\00 Client\03 Object\01 InGame\03 Banana</Filter>
    </ClCompile>
    <ClCompile Include="Number_UI.cpp">
      <Filter>소스 파일\00 Client\03 Object\00 Public\03 UI\04 Number_UI</Filter>
    </ClCompile>
    <ClCompile Include="ThirdCamera.cpp">
      <Filter>소스 파일\00 Client\03 Object\00 Public\01 Camera\02 Third</Filter>
    </ClCompile>
    <ClCompile Include="Section.cpp">
      <Filter>소스 파일\00 Client\03 Object\00 Public\04 Section</Filter>
    </ClCompile>
    <ClCompile Include="Bar_UI.cpp">
      <Filter>소스 파일\00 Client\03 Object\00 Public\03 UI\05 Bar_UI</Filter>
    </ClCompile>
    <ClCompile Include="Sign_UI.cpp">
      <Filter>소스 파일\00 Client\03 Object\00 Public\03 UI\06 Sign_UI</Filter>
    </ClCompile>
    <ClCompile Include="Crown.cpp">
      <Filter>소스 파일\00 Client\03 Object\01 InGame\04 Crown</Filter>
    </ClCompile>
    <ClCompile Include="EventCamera.cpp">
      <Filter>소스 파일\00 Client\03 Object\00 Public\01 Camera\03 Event</Filter>
    </ClCompile>
    <ClCompile Include="Skydome.cpp">
      <Filter>소스 파일\00 Client\03 Object\00 Public\02 Skydome</Filter>
    </ClCompile>
    <ClCompile Include="Stream.cpp">
      <Filter>소스 파일\05 Common\01 SampleCommonCode</Filter>
    </ClCompile>
    <ClCompile Include="wavefront.cpp">
      <Filter>소스 파일\05 Common\01 SampleCommonCode</Filter>
    </ClCompile>
    <ClCompile Include="MediaPath_WIN.cpp">
      <Filter>소스 파일\05 Common\01 SampleCommonCode</Filter>
    </ClCompile>
    <ClCompile Include="ClothMesh.cpp">
      <Filter>소스 파일\03 Resources\01 Mesh\00 Inanimate\02 Cloth</Filter>
    </ClCompile>
    <ClCompile Include="Cloth.cpp">
      <Filter>소스 파일\00 Client\03 Object\01 InGame\05 Cloth</Filter>
    </ClCompile>
    <ClCompile Include="Trail.cpp">
      <Filter>소스 파일\02 Utility\06 Effect\01 Object\00 Trail</Filter>
    </ClCompile>
    <ClCompile Include="Bat.cpp">
      <Filter>소스 파일\00 Client\03 Object\01 InGame\00 Player\02 Bat</Filter>
    </ClCompile>
    <ClCompile Include="Skill_UI.cpp">
      <Filter>소스 파일\00 Client\03 Object\00 Public\03 UI\07 Skill_UI</Filter>
    </ClCompile>
    <ClCompile Include="ComponentShader.cpp">
      <Filter>소스 파일\03 Resources\04 Shader\02 Component</Filter>
    </ClCompile>
    <ClCompile Include="EffectMgr.cpp">
      <Filter>소스 파일\02 Utility\06 Effect\00 Manager</Filter>
    </ClCompile>
    <ClCompile Include="EffectObject.cpp">
      <Filter>소스 파일\02 Utility\06 Effect\01 Object</Filter>
    </ClCompile>
    <ClCompile Include="Dummy.cpp">
      <Filter>소스 파일\02 Utility\06 Effect\01 Object\01 Dummy</Filter>
    </ClCompile>
    <ClCompile Include="StencilShader.cpp">
      <Filter>소스 파일</Filter>
    </ClCompile>
  </ItemGroup>
  <ItemGroup>
    <ResourceCompile Include="Client.rc">
      <Filter>리소스 파일</Filter>
    </ResourceCompile>
  </ItemGroup>
  <ItemGroup>
    <Image Include="small.ico">
      <Filter>리소스 파일</Filter>
    </Image>
    <Image Include="Client.ico">
      <Filter>리소스 파일</Filter>
    </Image>
  </ItemGroup>
  <ItemGroup>
    <FxCompile Include="..\Executable\Resources\Shader\3D_UI.fx">
      <Filter>소스 파일\03 Resources\04 Shader\99 HLSL\00 UI</Filter>
    </FxCompile>
    <FxCompile Include="..\Executable\Resources\Shader\Sign_UI.fx">
      <Filter>소스 파일\03 Resources\04 Shader\99 HLSL\00 UI</Filter>
    </FxCompile>
    <FxCompile Include="..\Executable\Resources\Shader\Number_UI_I.fx">
      <Filter>소스 파일\03 Resources\04 Shader\99 HLSL\00 UI</Filter>
    </FxCompile>
    <FxCompile Include="..\Executable\Resources\Shader\Number_UI.fx">
      <Filter>소스 파일\03 Resources\04 Shader\99 HLSL\00 UI</Filter>
    </FxCompile>
    <FxCompile Include="..\Executable\Resources\Shader\AnimateMesh.fx">
      <Filter>소스 파일\03 Resources\04 Shader\99 HLSL\01 AnimateMesh</Filter>
    </FxCompile>
    <FxCompile Include="..\Executable\Resources\Shader\Background.fx">
      <Filter>소스 파일\03 Resources\04 Shader\99 HLSL\00 UI</Filter>
    </FxCompile>
    <FxCompile Include="..\Executable\Resources\Shader\ActorShape.fx">
      <Filter>소스 파일\03 Resources\04 Shader\99 HLSL\99 Debug</Filter>
    </FxCompile>
    <FxCompile Include="..\Executable\Resources\Shader\Debug.fx">
      <Filter>소스 파일\03 Resources\04 Shader\99 HLSL\99 Debug</Filter>
    </FxCompile>
    <FxCompile Include="..\Executable\Resources\Shader\Mesh.fx">
      <Filter>소스 파일\03 Resources\04 Shader\99 HLSL\02 Mesh</Filter>
    </FxCompile>
    <FxCompile Include="..\Executable\Resources\Shader\Mesh_Alpha.fx">
      <Filter>소스 파일\03 Resources\04 Shader\99 HLSL\02 Mesh</Filter>
    </FxCompile>
    <FxCompile Include="..\Executable\Resources\Shader\Mesh_I.fx">
      <Filter>소스 파일\03 Resources\04 Shader\99 HLSL\02 Mesh</Filter>
    </FxCompile>
    <FxCompile Include="..\Executable\Resources\Shader\UI.fx">
      <Filter>소스 파일\03 Resources\04 Shader\99 HLSL\00 UI</Filter>
    </FxCompile>
    <FxCompile Include="..\Executable\Resources\Shader\Cloth.fx">
      <Filter>소스 파일\03 Resources\04 Shader\99 HLSL\02 Mesh</Filter>
    </FxCompile>
    <FxCompile Include="..\Executable\Resources\Shader\Skydome.fx">
      <Filter>소스 파일\03 Resources\04 Shader\99 HLSL\02 Mesh</Filter>
    </FxCompile>
    <FxCompile Include="..\Executable\Resources\Shader\Blend.fx">
      <Filter>소스 파일\03 Resources\04 Shader\99 HLSL\03 Deferred</Filter>
    </FxCompile>
    <FxCompile Include="..\Executable\Resources\Shader\Light.fx">
      <Filter>소스 파일\03 Resources\04 Shader\99 HLSL\03 Deferred</Filter>
    </FxCompile>
    <FxCompile Include="..\Executable\Resources\Shader\Mesh_I_Shadow.fx">
      <Filter>소스 파일\03 Resources\04 Shader\99 HLSL\04 Shadow</Filter>
    </FxCompile>
    <FxCompile Include="..\Executable\Resources\Shader\Mesh_Shadow.fx">
      <Filter>소스 파일\03 Resources\04 Shader\99 HLSL\04 Shadow</Filter>
    </FxCompile>
    <FxCompile Include="..\Executable\Resources\Shader\AnimateMesh_Shadow.fx">
      <Filter>소스 파일\03 Resources\04 Shader\99 HLSL\04 Shadow</Filter>
    </FxCompile>
    <FxCompile Include="..\Executable\Resources\Shader\Skill_UI.fx">
      <Filter>소스 파일\03 Resources\04 Shader\99 HLSL\00 UI</Filter>
    </FxCompile>
    <FxCompile Include="..\Executable\Resources\Shader\Banana.fx">
      <Filter>소스 파일\03 Resources\04 Shader\99 HLSL\02 Mesh</Filter>
    </FxCompile>
    <FxCompile Include="..\Executable\Resources\Shader\Particle_Trail.fx">
      <Filter>소스 파일\03 Resources\04 Shader\99 HLSL\05 Particle</Filter>
    </FxCompile>
    <FxCompile Include="..\Executable\Resources\Shader\AnimateMesh_Alpha.fx">
      <Filter>소스 파일\03 Resources\04 Shader\99 HLSL\01 AnimateMesh</Filter>
    </FxCompile>
  </ItemGroup>
</Project>