<?xml version="1.0" encoding="utf-8"?>
<Project ToolsVersion="4.0" xmlns="http://schemas.microsoft.com/developer/msbuild/2003">
  <ItemGroup>
    <Filter Include="소스 파일">
      <UniqueIdentifier>{4FC737F1-C7A5-4376-A066-2A32D752A2FF}</UniqueIdentifier>
      <Extensions>cpp;c;cc;cxx;def;odl;idl;hpj;bat;asm;asmx</Extensions>
    </Filter>
    <Filter Include="헤더 파일">
      <UniqueIdentifier>{93995380-89BD-4b04-88EB-625FBE52EBFB}</UniqueIdentifier>
      <Extensions>h;hh;hpp;hxx;hm;inl;inc;xsd</Extensions>
    </Filter>
    <Filter Include="리소스 파일">
      <UniqueIdentifier>{67DA6AB6-F800-4c08-8B7A-83BB121AAD01}</UniqueIdentifier>
      <Extensions>rc;ico;cur;bmp;dlg;rc2;rct;bin;rgs;gif;jpg;jpeg;jpe;resx;tiff;tif;png;wav;mfcribbon-ms</Extensions>
    </Filter>
    <Filter Include="소스 파일\00 MainFrm">
      <UniqueIdentifier>{0ad56845-5050-4610-8b29-471627831197}</UniqueIdentifier>
    </Filter>
    <Filter Include="소스 파일\01 View">
      <UniqueIdentifier>{9461f874-5da1-4b74-8ca1-e114fb092802}</UniqueIdentifier>
    </Filter>
    <Filter Include="소스 파일\02 Form">
      <UniqueIdentifier>{de85183f-bb9a-49b9-8d8c-55643d1fa5db}</UniqueIdentifier>
    </Filter>
    <Filter Include="소스 파일\03 Importer">
      <UniqueIdentifier>{6c78bf94-5a6b-483f-85d1-227e58bd0156}</UniqueIdentifier>
    </Filter>
    <Filter Include="소스 파일\04 FbxContext">
      <UniqueIdentifier>{da4cfbd9-9942-47da-afac-dd470fe46389}</UniqueIdentifier>
    </Filter>
    <Filter Include="소스 파일\05 Resources">
      <UniqueIdentifier>{34ec509c-cbd9-448f-8555-2ba0f6849947}</UniqueIdentifier>
    </Filter>
    <Filter Include="소스 파일\05 Resources\01 Texture">
      <UniqueIdentifier>{1e733910-6c6b-449d-af25-f4424860883d}</UniqueIdentifier>
    </Filter>
    <Filter Include="소스 파일\05 Resources\02 Shader">
      <UniqueIdentifier>{47c1c9da-1bb4-425a-901b-af534b7c3e54}</UniqueIdentifier>
    </Filter>
    <Filter Include="소스 파일\06 Environment">
      <UniqueIdentifier>{fe2153e7-de1b-4721-8f0d-9f073facee96}</UniqueIdentifier>
    </Filter>
    <Filter Include="소스 파일\06 Environment\00 GraphicDev">
      <UniqueIdentifier>{5b8a95fe-888b-427e-ac8b-b0268625bdd6}</UniqueIdentifier>
    </Filter>
    <Filter Include="소스 파일\06 Environment\01 Camera">
      <UniqueIdentifier>{2e94ff7a-2d75-4263-935d-8646a496ea2f}</UniqueIdentifier>
    </Filter>
    <Filter Include="소스 파일\07 Common">
      <UniqueIdentifier>{c2811694-b77f-4006-98a0-c7e116ef058a}</UniqueIdentifier>
    </Filter>
    <Filter Include="소스 파일\08 Headers">
      <UniqueIdentifier>{ddb9c0d2-4a75-4852-8ae3-b00a4aac941e}</UniqueIdentifier>
    </Filter>
    <Filter Include="소스 파일\05 Resources\02 Shader\00 HLSL">
      <UniqueIdentifier>{45f22f7a-2674-4a64-942d-160415b4f121}</UniqueIdentifier>
    </Filter>
    <Filter Include="소스 파일\05 Resources\03 Transform">
      <UniqueIdentifier>{8bfb80b2-fc7f-4f73-be60-9ce8c844c593}</UniqueIdentifier>
    </Filter>
    <Filter Include="소스 파일\06 Environment\02 Light">
      <UniqueIdentifier>{034bc40d-13f5-4b98-978c-c4da59413258}</UniqueIdentifier>
    </Filter>
    <Filter Include="소스 파일\05 Resources\04 Animation">
      <UniqueIdentifier>{ea52cf04-7438-4616-aa4c-57ad5c6500a8}</UniqueIdentifier>
    </Filter>
    <Filter Include="소스 파일\05 Resources\04 Animation\00 Animation_Controller">
      <UniqueIdentifier>{1b9d4b0e-b516-481a-9953-9b8f13c7ac0e}</UniqueIdentifier>
    </Filter>
    <Filter Include="소스 파일\05 Resources\04 Animation\01 AnimationSet">
      <UniqueIdentifier>{b2479e4e-1930-4698-a32d-521d9822777f}</UniqueIdentifier>
    </Filter>
    <Filter Include="소스 파일\05 Resources\00 Mesh">
      <UniqueIdentifier>{36f39ce4-7552-427d-9aad-58bccc423776}</UniqueIdentifier>
    </Filter>
    <Filter Include="소스 파일\05 Resources\00 Mesh\00 StaticMesh">
      <UniqueIdentifier>{590aa800-0cb4-4966-800f-415e84edbead}</UniqueIdentifier>
    </Filter>
    <Filter Include="소스 파일\05 Resources\00 Mesh\01 AnimateMesh">
      <UniqueIdentifier>{cf822e46-ab40-4880-8174-bfc0fba3661d}</UniqueIdentifier>
    </Filter>
    <Filter Include="소스 파일\05 Resources\02 Shader\02 SkinnedShader">
      <UniqueIdentifier>{ce85d7bd-4eb4-41c5-ab66-a786f480b423}</UniqueIdentifier>
    </Filter>
    <Filter Include="소스 파일\05 Resources\02 Shader\01 BasicShader">
      <UniqueIdentifier>{2173b03d-703a-41f7-9258-c68de9088181}</UniqueIdentifier>
    </Filter>
  </ItemGroup>
  <ItemGroup>
    <Text Include="ReadMe.txt" />
  </ItemGroup>
  <ItemGroup>
    <ClInclude Include="GW_Tool.h">
      <Filter>헤더 파일</Filter>
    </ClInclude>
    <ClInclude Include="stdafx.h">
      <Filter>헤더 파일</Filter>
    </ClInclude>
    <ClInclude Include="targetver.h">
      <Filter>헤더 파일</Filter>
    </ClInclude>
    <ClInclude Include="ChildView.h">
      <Filter>헤더 파일</Filter>
    </ClInclude>
    <ClInclude Include="Resource.h">
      <Filter>헤더 파일</Filter>
    </ClInclude>
    <ClInclude Include="MainFrm.h">
      <Filter>소스 파일\00 MainFrm</Filter>
    </ClInclude>
    <ClInclude Include="Tool_Header.h">
      <Filter>소스 파일\08 Headers</Filter>
    </ClInclude>
    <ClInclude Include="Tool_View.h">
      <Filter>소스 파일\01 View</Filter>
    </ClInclude>
    <ClInclude Include="Tool_Form.h">
      <Filter>소스 파일\02 Form</Filter>
    </ClInclude>
    <ClInclude Include="GraphicDev.h">
      <Filter>소스 파일\06 Environment\00 GraphicDev</Filter>
    </ClInclude>
    <ClInclude Include="Importer.h">
      <Filter>소스 파일\03 Importer</Filter>
    </ClInclude>
    <ClInclude Include="..\Common\AnimationUtility.h">
      <Filter>소스 파일\07 Common</Filter>
    </ClInclude>
    <ClInclude Include="..\Common\Common.h">
      <Filter>소스 파일\07 Common</Filter>
    </ClInclude>
    <ClInclude Include="..\Common\GeometryUtility.h">
      <Filter>소스 파일\07 Common</Filter>
    </ClInclude>
    <ClInclude Include="Camera.h">
      <Filter>소스 파일\06 Environment\01 Camera</Filter>
    </ClInclude>
    <ClInclude Include="Texture.h">
      <Filter>소스 파일\05 Resources\01 Texture</Filter>
    </ClInclude>
    <ClInclude Include="FbxContext.h">
      <Filter>소스 파일\04 FbxContext</Filter>
    </ClInclude>
    <ClInclude Include="Transform.h">
      <Filter>소스 파일\05 Resources\03 Transform</Filter>
    </ClInclude>
    <ClInclude Include="Light.h">
      <Filter>소스 파일\06 Environment\02 Light</Filter>
    </ClInclude>
    <ClInclude Include="Anim_Shader.h">
      <Filter>소스 파일\05 Resources\02 Shader\02 SkinnedShader</Filter>
    </ClInclude>
    <ClInclude Include="AnimationSet.h">
      <Filter>소스 파일\05 Resources\04 Animation\01 AnimationSet</Filter>
    </ClInclude>
    <ClInclude Include="Animation_Controller.h">
      <Filter>소스 파일\05 Resources\04 Animation\00 Animation_Controller</Filter>
    </ClInclude>
    <ClInclude Include="Mesh.h">
      <Filter>소스 파일\05 Resources\00 Mesh</Filter>
    </ClInclude>
    <ClInclude Include="StaticMesh.h">
      <Filter>소스 파일\05 Resources\00 Mesh\00 StaticMesh</Filter>
    </ClInclude>
    <ClInclude Include="AnimateMesh.h">
      <Filter>소스 파일\05 Resources\00 Mesh\01 AnimateMesh</Filter>
    </ClInclude>
    <ClInclude Include="Shader.h">
      <Filter>소스 파일\05 Resources\02 Shader</Filter>
    </ClInclude>
    <ClInclude Include="BasicShader.h">
      <Filter>소스 파일\05 Resources\02 Shader\01 BasicShader</Filter>
    </ClInclude>
  </ItemGroup>
  <ItemGroup>
    <ClCompile Include="GW_Tool.cpp">
      <Filter>소스 파일</Filter>
    </ClCompile>
    <ClCompile Include="stdafx.cpp">
      <Filter>소스 파일</Filter>
    </ClCompile>
    <ClCompile Include="ChildView.cpp">
      <Filter>소스 파일</Filter>
    </ClCompile>
    <ClCompile Include="MainFrm.cpp">
      <Filter>소스 파일\00 MainFrm</Filter>
    </ClCompile>
    <ClCompile Include="Tool_View.cpp">
      <Filter>소스 파일\01 View</Filter>
    </ClCompile>
    <ClCompile Include="Tool_Form.cpp">
      <Filter>소스 파일\02 Form</Filter>
    </ClCompile>
    <ClCompile Include="GraphicDev.cpp">
      <Filter>소스 파일\06 Environment\00 GraphicDev</Filter>
    </ClCompile>
    <ClCompile Include="Importer.cpp">
      <Filter>소스 파일\03 Importer</Filter>
    </ClCompile>
    <ClCompile Include="..\Common\AnimationUtility.cpp">
      <Filter>소스 파일\07 Common</Filter>
    </ClCompile>
    <ClCompile Include="..\Common\Common.cpp">
      <Filter>소스 파일\07 Common</Filter>
    </ClCompile>
    <ClCompile Include="..\Common\GeometryUtility.cpp">
      <Filter>소스 파일\07 Common</Filter>
    </ClCompile>
    <ClCompile Include="Camera.cpp">
      <Filter>소스 파일\06 Environment\01 Camera</Filter>
    </ClCompile>
    <ClCompile Include="Texture.cpp">
      <Filter>소스 파일\05 Resources\01 Texture</Filter>
    </ClCompile>
    <ClCompile Include="FbxContext.cpp">
      <Filter>소스 파일\04 FbxContext</Filter>
    </ClCompile>
    <ClCompile Include="Transform.cpp">
      <Filter>소스 파일\05 Resources\03 Transform</Filter>
    </ClCompile>
    <ClCompile Include="Light.cpp">
      <Filter>소스 파일\06 Environment\02 Light</Filter>
    </ClCompile>
    <ClCompile Include="Anim_Shader.cpp">
      <Filter>소스 파일\05 Resources\02 Shader\02 SkinnedShader</Filter>
    </ClCompile>
    <ClCompile Include="AnimationSet.cpp">
      <Filter>소스 파일\05 Resources\04 Animation\01 AnimationSet</Filter>
    </ClCompile>
    <ClCompile Include="Animation_Controller.cpp">
      <Filter>소스 파일\05 Resources\04 Animation\00 Animation_Controller</Filter>
    </ClCompile>
    <ClCompile Include="Mesh.cpp">
      <Filter>소스 파일\05 Resources\00 Mesh</Filter>
    </ClCompile>
    <ClCompile Include="StaticMesh.cpp">
      <Filter>소스 파일\05 Resources\00 Mesh\00 StaticMesh</Filter>
    </ClCompile>
    <ClCompile Include="AnmateMesh.cpp">
      <Filter>소스 파일\05 Resources\00 Mesh\01 AnimateMesh</Filter>
    </ClCompile>
    <ClCompile Include="Shader.cpp">
      <Filter>소스 파일\05 Resources\02 Shader</Filter>
    </ClCompile>
    <ClCompile Include="BasicShader.cpp">
      <Filter>소스 파일\05 Resources\02 Shader\01 BasicShader</Filter>
    </ClCompile>
  </ItemGroup>
  <ItemGroup>
    <ResourceCompile Include="GW_Tool.rc">
      <Filter>리소스 파일</Filter>
    </ResourceCompile>
  </ItemGroup>
  <ItemGroup>
    <None Include="res\GW_Tool.rc2">
      <Filter>리소스 파일</Filter>
    </None>
  </ItemGroup>
  <ItemGroup>
    <Image Include="res\GW_Tool.ico">
      <Filter>리소스 파일</Filter>
    </Image>
  </ItemGroup>
  <ItemGroup>
    <FxCompile Include="..\Executable\Resource\HLSL\Shader_Directional.fx">
      <Filter>소스 파일\05 Resources\02 Shader\00 HLSL</Filter>
    </FxCompile>
    <FxCompile Include="..\Executable\Resource\HLSL\Shader_Anitest.fx">
      <Filter>소스 파일\05 Resources\02 Shader\00 HLSL</Filter>
    </FxCompile>
  </ItemGroup>
</Project>