<?xml version="1.0" encoding="utf-8"?>
<Project ToolsVersion="4.0" xmlns="http://schemas.microsoft.com/developer/msbuild/2003">
  <ItemGroup>
    <Filter Include="소스 파일">
      <UniqueIdentifier>{4FC737F1-C7A5-4376-A066-2A32D752A2FF}</UniqueIdentifier>
      <Extensions>cpp;c;cc;cxx;def;odl;idl;hpj;bat;asm;asmx</Extensions>
    </Filter>
    <Filter Include="헤더 파일">
      <UniqueIdentifier>{93995380-89BD-4b04-88EB-625FBE52EBFB}</UniqueIdentifier>
      <Extensions>h;hh;hpp;hxx;hm;inl;inc;xsd</Extensions>
    </Filter>
    <Filter Include="리소스 파일">
      <UniqueIdentifier>{67DA6AB6-F800-4c08-8B7A-83BB121AAD01}</UniqueIdentifier>
      <Extensions>rc;ico;cur;bmp;dlg;rc2;rct;bin;rgs;gif;jpg;jpeg;jpe;resx;tiff;tif;png;wav;mfcribbon-ms</Extensions>
    </Filter>
    <Filter Include="소스 파일\NxuStream2">
      <UniqueIdentifier>{b82b6717-f5c4-4471-8570-06b6fa15412e}</UniqueIdentifier>
    </Filter>
    <Filter Include="소스 파일\SampleCommonCode">
      <UniqueIdentifier>{48cea523-66ff-4f0c-879c-9f0d82ac0bf1}</UniqueIdentifier>
    </Filter>
  </ItemGroup>
  <ItemGroup>
    <ClCompile Include="main.cpp">
      <Filter>소스 파일</Filter>
    </ClCompile>
    <ClCompile Include="..\ThirdParty\NxuStream2\NXU_Asc2Bin.cpp">
      <Filter>소스 파일\NxuStream2</Filter>
    </ClCompile>
    <ClCompile Include="..\ThirdParty\NxuStream2\NXU_ColladaExport.cpp">
      <Filter>소스 파일\NxuStream2</Filter>
    </ClCompile>
    <ClCompile Include="..\ThirdParty\NxuStream2\NXU_ColladaImport.cpp">
      <Filter>소스 파일\NxuStream2</Filter>
    </ClCompile>
    <ClCompile Include="..\ThirdParty\NxuStream2\NXU_cooking.cpp">
      <Filter>소스 파일\NxuStream2</Filter>
    </ClCompile>
    <ClCompile Include="..\ThirdParty\NxuStream2\NXU_customcopy.cpp">
      <Filter>소스 파일\NxuStream2</Filter>
    </ClCompile>
    <ClCompile Include="..\ThirdParty\NxuStream2\NXU_File.cpp">
      <Filter>소스 파일\NxuStream2</Filter>
    </ClCompile>
    <ClCompile Include="..\ThirdParty\NxuStream2\NXU_Geometry.cpp">
      <Filter>소스 파일\NxuStream2</Filter>
    </ClCompile>
    <ClCompile Include="..\ThirdParty\NxuStream2\NXU_GraphicsMesh.cpp">
      <Filter>소스 파일\NxuStream2</Filter>
    </ClCompile>
    <ClCompile Include="..\ThirdParty\NxuStream2\NXU_helper.cpp">
      <Filter>소스 파일\NxuStream2</Filter>
    </ClCompile>
    <ClCompile Include="..\ThirdParty\NxuStream2\NXU_hull.cpp">
      <Filter>소스 파일\NxuStream2</Filter>
    </ClCompile>
    <ClCompile Include="..\ThirdParty\NxuStream2\NXU_PhysicsExport.cpp">
      <Filter>소스 파일\NxuStream2</Filter>
    </ClCompile>
    <ClCompile Include="..\ThirdParty\NxuStream2\NXU_PhysicsInstantiator.cpp">
      <Filter>소스 파일\NxuStream2</Filter>
    </ClCompile>
    <ClCompile Include="..\ThirdParty\NxuStream2\NXU_ScaledCopy.cpp">
      <Filter>소스 파일\NxuStream2</Filter>
    </ClCompile>
    <ClCompile Include="..\ThirdParty\NxuStream2\NXU_schema.cpp">
      <Filter>소스 파일\NxuStream2</Filter>
    </ClCompile>
    <ClCompile Include="..\ThirdParty\NxuStream2\NXU_SchemaStream.cpp">
      <Filter>소스 파일\NxuStream2</Filter>
    </ClCompile>
    <ClCompile Include="..\ThirdParty\NxuStream2\NXU_Streaming.cpp">
      <Filter>소스 파일\NxuStream2</Filter>
    </ClCompile>
    <ClCompile Include="..\ThirdParty\NxuStream2\NXU_string.cpp">
      <Filter>소스 파일\NxuStream2</Filter>
    </ClCompile>
    <ClCompile Include="..\ThirdParty\NxuStream2\NXU_tinystr.cpp">
      <Filter>소스 파일\NxuStream2</Filter>
    </ClCompile>
    <ClCompile Include="..\ThirdParty\NxuStream2\NXU_tinyxml.cpp">
      <Filter>소스 파일\NxuStream2</Filter>
    </ClCompile>
    <ClCompile Include="..\ThirdParty\NxuStream2\NXU_tinyxmlerror.cpp">
      <Filter>소스 파일\NxuStream2</Filter>
    </ClCompile>
    <ClCompile Include="..\ThirdParty\NxuStream2\NXU_tinyxmlparser.cpp">
      <Filter>소스 파일\NxuStream2</Filter>
    </ClCompile>
    <ClCompile Include="..\ThirdParty\SampleCommonCode\src\cooking.cpp">
      <Filter>소스 파일\SampleCommonCode</Filter>
    </ClCompile>
    <ClCompile Include="..\ThirdParty\SampleCommonCode\src\Stream.cpp">
      <Filter>소스 파일\SampleCommonCode</Filter>
    </ClCompile>
  </ItemGroup>
  <ItemGroup>
    <ClInclude Include="..\ThirdParty\NxuStream2\NXU_Asc2Bin.h">
      <Filter>소스 파일\NxuStream2</Filter>
    </ClInclude>
    <ClInclude Include="..\ThirdParty\NxuStream2\NXU_ColladaExport.h">
      <Filter>소스 파일\NxuStream2</Filter>
    </ClInclude>
    <ClInclude Include="..\ThirdParty\NxuStream2\NXU_ColladaImport.h">
      <Filter>소스 파일\NxuStream2</Filter>
    </ClInclude>
    <ClInclude Include="..\ThirdParty\NxuStream2\NXU_cooking.h">
      <Filter>소스 파일\NxuStream2</Filter>
    </ClInclude>
    <ClInclude Include="..\ThirdParty\NxuStream2\NXU_customcopy.h">
      <Filter>소스 파일\NxuStream2</Filter>
    </ClInclude>
    <ClInclude Include="..\ThirdParty\NxuStream2\NXU_File.h">
      <Filter>소스 파일\NxuStream2</Filter>
    </ClInclude>
    <ClInclude Include="..\ThirdParty\NxuStream2\NXU_Geometry.h">
      <Filter>소스 파일\NxuStream2</Filter>
    </ClInclude>
    <ClInclude Include="..\ThirdParty\NxuStream2\NXU_GraphicsMesh.h">
      <Filter>소스 파일\NxuStream2</Filter>
    </ClInclude>
    <ClInclude Include="..\ThirdParty\NxuStream2\NXU_helper.h">
      <Filter>소스 파일\NxuStream2</Filter>
    </ClInclude>
    <ClInclude Include="..\ThirdParty\NxuStream2\NXU_hull.h">
      <Filter>소스 파일\NxuStream2</Filter>
    </ClInclude>
    <ClInclude Include="..\ThirdParty\NxuStream2\NXU_PhysicsExport.h">
      <Filter>소스 파일\NxuStream2</Filter>
    </ClInclude>
    <ClInclude Include="..\ThirdParty\NxuStream2\NXU_PhysicsInstantiator.h">
      <Filter>소스 파일\NxuStream2</Filter>
    </ClInclude>
    <ClInclude Include="..\ThirdParty\NxuStream2\NXU_ScaledCopy.h">
      <Filter>소스 파일\NxuStream2</Filter>
    </ClInclude>
    <ClInclude Include="..\ThirdParty\NxuStream2\NXU_schema.h">
      <Filter>소스 파일\NxuStream2</Filter>
    </ClInclude>
    <ClInclude Include="..\ThirdParty\NxuStream2\NXU_SchemaStream.h">
      <Filter>소스 파일\NxuStream2</Filter>
    </ClInclude>
    <ClInclude Include="..\ThirdParty\NxuStream2\NXU_SchemaTypes.h">
      <Filter>소스 파일\NxuStream2</Filter>
    </ClInclude>
    <ClInclude Include="..\ThirdParty\NxuStream2\NXU_Streaming.h">
      <Filter>소스 파일\NxuStream2</Filter>
    </ClInclude>
    <ClInclude Include="..\ThirdParty\NxuStream2\NXU_string.h">
      <Filter>소스 파일\NxuStream2</Filter>
    </ClInclude>
    <ClInclude Include="..\ThirdParty\NxuStream2\NXU_tinystr.h">
      <Filter>소스 파일\NxuStream2</Filter>
    </ClInclude>
    <ClInclude Include="..\ThirdParty\NxuStream2\NXU_tinyxml.h">
      <Filter>소스 파일\NxuStream2</Filter>
    </ClInclude>
    <ClInclude Include="..\ThirdParty\SampleCommonCode\src\cooking.h">
      <Filter>소스 파일\SampleCommonCode</Filter>
    </ClInclude>
    <ClInclude Include="..\ThirdParty\SampleCommonCode\src\Stream.h">
      <Filter>소스 파일\SampleCommonCode</Filter>
    </ClInclude>
  </ItemGroup>
  <ItemGroup>
    <None Include="..\ThirdParty\NxuStream2\TheNxuStreamFAQ.htm">
      <Filter>소스 파일\NxuStream2</Filter>
    </None>
  </ItemGroup>
</Project>